// !$*UTF8*$!
{
	archiveVersion = 1;
	classes = {
	};
	objectVersion = 50;
	objects = {

/* Begin PBXBuildFile section */
		58C2C044236149C40087FF23 /* AppDelegate.swift in Sources */ = {isa = PBXBuildFile; fileRef = 58C2C043236149C40087FF23 /* AppDelegate.swift */; };
		58C2C046236149C40087FF23 /* SceneDelegate.swift in Sources */ = {isa = PBXBuildFile; fileRef = 58C2C045236149C40087FF23 /* SceneDelegate.swift */; };
		58C2C04B236149C40087FF23 /* Main.storyboard in Resources */ = {isa = PBXBuildFile; fileRef = 58C2C049236149C40087FF23 /* Main.storyboard */; };
		58C2C04D236149C80087FF23 /* Assets.xcassets in Resources */ = {isa = PBXBuildFile; fileRef = 58C2C04C236149C80087FF23 /* Assets.xcassets */; };
		58C2C050236149C90087FF23 /* LaunchScreen.storyboard in Resources */ = {isa = PBXBuildFile; fileRef = 58C2C04E236149C90087FF23 /* LaunchScreen.storyboard */; };
		58C2C05B236149C90087FF23 /* ThoughtMusicTests.swift in Sources */ = {isa = PBXBuildFile; fileRef = 58C2C05A236149C90087FF23 /* ThoughtMusicTests.swift */; };
		58C2C06623614A4B0087FF23 /* Song.swift in Sources */ = {isa = PBXBuildFile; fileRef = 58C2C06523614A4B0087FF23 /* Song.swift */; };
		58C2C06723614A4B0087FF23 /* Song.swift in Sources */ = {isa = PBXBuildFile; fileRef = 58C2C06523614A4B0087FF23 /* Song.swift */; };
		58C2C06923614C3F0087FF23 /* ShuffleViewController.swift in Sources */ = {isa = PBXBuildFile; fileRef = 58C2C06823614C3F0087FF23 /* ShuffleViewController.swift */; };
		58C2C06A23614C3F0087FF23 /* ShuffleViewController.swift in Sources */ = {isa = PBXBuildFile; fileRef = 58C2C06823614C3F0087FF23 /* ShuffleViewController.swift */; };
		58C2C06C23614C600087FF23 /* ShufflePresenter.swift in Sources */ = {isa = PBXBuildFile; fileRef = 58C2C06B23614C600087FF23 /* ShufflePresenter.swift */; };
		58C2C06D23614C600087FF23 /* ShufflePresenter.swift in Sources */ = {isa = PBXBuildFile; fileRef = 58C2C06B23614C600087FF23 /* ShufflePresenter.swift */; };
		58C2C06F23614C720087FF23 /* ShuffleInteractor.swift in Sources */ = {isa = PBXBuildFile; fileRef = 58C2C06E23614C720087FF23 /* ShuffleInteractor.swift */; };
		58C2C07023614C720087FF23 /* ShuffleInteractor.swift in Sources */ = {isa = PBXBuildFile; fileRef = 58C2C06E23614C720087FF23 /* ShuffleInteractor.swift */; };
		58C2C07223614C850087FF23 /* ShuffleWorker.swift in Sources */ = {isa = PBXBuildFile; fileRef = 58C2C07123614C850087FF23 /* ShuffleWorker.swift */; };
		58C2C07323614C850087FF23 /* ShuffleWorker.swift in Sources */ = {isa = PBXBuildFile; fileRef = 58C2C07123614C850087FF23 /* ShuffleWorker.swift */; };
		58C2C0782362391D0087FF23 /* API.swift in Sources */ = {isa = PBXBuildFile; fileRef = 58C2C0772362391D0087FF23 /* API.swift */; };
		58C2C0792362391D0087FF23 /* API.swift in Sources */ = {isa = PBXBuildFile; fileRef = 58C2C0772362391D0087FF23 /* API.swift */; };
		58C2C07C236239680087FF23 /* Endpoint.swift in Sources */ = {isa = PBXBuildFile; fileRef = 58C2C07B236239680087FF23 /* Endpoint.swift */; };
		58C2C07D236239680087FF23 /* Endpoint.swift in Sources */ = {isa = PBXBuildFile; fileRef = 58C2C07B236239680087FF23 /* Endpoint.swift */; };
/* End PBXBuildFile section */

/* Begin PBXContainerItemProxy section */
		58C2C057236149C90087FF23 /* PBXContainerItemProxy */ = {
			isa = PBXContainerItemProxy;
			containerPortal = 58C2C038236149C40087FF23 /* Project object */;
			proxyType = 1;
			remoteGlobalIDString = 58C2C03F236149C40087FF23;
			remoteInfo = ThoughtMusic;
		};
/* End PBXContainerItemProxy section */

/* Begin PBXFileReference section */
		58C2C040236149C40087FF23 /* ThoughtMusic.app */ = {isa = PBXFileReference; explicitFileType = wrapper.application; includeInIndex = 0; path = ThoughtMusic.app; sourceTree = BUILT_PRODUCTS_DIR; };
		58C2C043236149C40087FF23 /* AppDelegate.swift */ = {isa = PBXFileReference; lastKnownFileType = sourcecode.swift; path = AppDelegate.swift; sourceTree = "<group>"; };
		58C2C045236149C40087FF23 /* SceneDelegate.swift */ = {isa = PBXFileReference; lastKnownFileType = sourcecode.swift; path = SceneDelegate.swift; sourceTree = "<group>"; };
		58C2C04A236149C40087FF23 /* Base */ = {isa = PBXFileReference; lastKnownFileType = file.storyboard; name = Base; path = Base.lproj/Main.storyboard; sourceTree = "<group>"; };
		58C2C04C236149C80087FF23 /* Assets.xcassets */ = {isa = PBXFileReference; lastKnownFileType = folder.assetcatalog; path = Assets.xcassets; sourceTree = "<group>"; };
		58C2C04F236149C90087FF23 /* Base */ = {isa = PBXFileReference; lastKnownFileType = file.storyboard; name = Base; path = Base.lproj/LaunchScreen.storyboard; sourceTree = "<group>"; };
		58C2C051236149C90087FF23 /* Info.plist */ = {isa = PBXFileReference; lastKnownFileType = text.plist.xml; path = Info.plist; sourceTree = "<group>"; };
		58C2C056236149C90087FF23 /* ThoughtMusicTests.xctest */ = {isa = PBXFileReference; explicitFileType = wrapper.cfbundle; includeInIndex = 0; path = ThoughtMusicTests.xctest; sourceTree = BUILT_PRODUCTS_DIR; };
		58C2C05A236149C90087FF23 /* ThoughtMusicTests.swift */ = {isa = PBXFileReference; lastKnownFileType = sourcecode.swift; path = ThoughtMusicTests.swift; sourceTree = "<group>"; };
		58C2C05C236149C90087FF23 /* Info.plist */ = {isa = PBXFileReference; lastKnownFileType = text.plist.xml; path = Info.plist; sourceTree = "<group>"; };
		58C2C06523614A4B0087FF23 /* Song.swift */ = {isa = PBXFileReference; lastKnownFileType = sourcecode.swift; path = Song.swift; sourceTree = "<group>"; };
		58C2C06823614C3F0087FF23 /* ShuffleViewController.swift */ = {isa = PBXFileReference; lastKnownFileType = sourcecode.swift; path = ShuffleViewController.swift; sourceTree = "<group>"; };
		58C2C06B23614C600087FF23 /* ShufflePresenter.swift */ = {isa = PBXFileReference; lastKnownFileType = sourcecode.swift; path = ShufflePresenter.swift; sourceTree = "<group>"; };
		58C2C06E23614C720087FF23 /* ShuffleInteractor.swift */ = {isa = PBXFileReference; lastKnownFileType = sourcecode.swift; path = ShuffleInteractor.swift; sourceTree = "<group>"; };
		58C2C07123614C850087FF23 /* ShuffleWorker.swift */ = {isa = PBXFileReference; lastKnownFileType = sourcecode.swift; path = ShuffleWorker.swift; sourceTree = "<group>"; };
		58C2C0772362391D0087FF23 /* API.swift */ = {isa = PBXFileReference; lastKnownFileType = sourcecode.swift; path = API.swift; sourceTree = "<group>"; };
		58C2C07B236239680087FF23 /* Endpoint.swift */ = {isa = PBXFileReference; lastKnownFileType = sourcecode.swift; path = Endpoint.swift; sourceTree = "<group>"; };
/* End PBXFileReference section */

/* Begin PBXFrameworksBuildPhase section */
		58C2C03D236149C40087FF23 /* Frameworks */ = {
			isa = PBXFrameworksBuildPhase;
			buildActionMask = 2147483647;
			files = (
			);
			runOnlyForDeploymentPostprocessing = 0;
		};
		58C2C053236149C90087FF23 /* Frameworks */ = {
			isa = PBXFrameworksBuildPhase;
			buildActionMask = 2147483647;
			files = (
			);
			runOnlyForDeploymentPostprocessing = 0;
		};
/* End PBXFrameworksBuildPhase section */

/* Begin PBXGroup section */
		58C2C037236149C40087FF23 = {
			isa = PBXGroup;
			children = (
				58C2C042236149C40087FF23 /* ThoughtMusic */,
				58C2C059236149C90087FF23 /* ThoughtMusicTests */,
				58C2C041236149C40087FF23 /* Products */,
			);
			sourceTree = "<group>";
		};
		58C2C041236149C40087FF23 /* Products */ = {
			isa = PBXGroup;
			children = (
				58C2C040236149C40087FF23 /* ThoughtMusic.app */,
				58C2C056236149C90087FF23 /* ThoughtMusicTests.xctest */,
			);
			name = Products;
			sourceTree = "<group>";
		};
		58C2C042236149C40087FF23 /* ThoughtMusic */ = {
			isa = PBXGroup;
			children = (
				58C2C043236149C40087FF23 /* AppDelegate.swift */,
				58C2C045236149C40087FF23 /* SceneDelegate.swift */,
				58C2C07523614CDA0087FF23 /* Model */,
				58C2C07623614CFB0087FF23 /* VIew */,
				58C2C07423614CC20087FF23 /* Shuffle */,
				58C2C07A2362392E0087FF23 /* Service */,
				58C2C04C236149C80087FF23 /* Assets.xcassets */,
				58C2C051236149C90087FF23 /* Info.plist */,
			);
			path = ThoughtMusic;
			sourceTree = "<group>";
		};
		58C2C059236149C90087FF23 /* ThoughtMusicTests */ = {
			isa = PBXGroup;
			children = (
				58C2C05A236149C90087FF23 /* ThoughtMusicTests.swift */,
				58C2C05C236149C90087FF23 /* Info.plist */,
			);
			path = ThoughtMusicTests;
			sourceTree = "<group>";
		};
		58C2C07423614CC20087FF23 /* Shuffle */ = {
			isa = PBXGroup;
			children = (
				58C2C06823614C3F0087FF23 /* ShuffleViewController.swift */,
				58C2C06B23614C600087FF23 /* ShufflePresenter.swift */,
				58C2C06E23614C720087FF23 /* ShuffleInteractor.swift */,
				58C2C07123614C850087FF23 /* ShuffleWorker.swift */,
			);
			path = Shuffle;
			sourceTree = "<group>";
		};
		58C2C07523614CDA0087FF23 /* Model */ = {
			isa = PBXGroup;
			children = (
				58C2C06523614A4B0087FF23 /* Song.swift */,
			);
			path = Model;
			sourceTree = "<group>";
		};
		58C2C07623614CFB0087FF23 /* VIew */ = {
			isa = PBXGroup;
			children = (
				58C2C049236149C40087FF23 /* Main.storyboard */,
				58C2C04E236149C90087FF23 /* LaunchScreen.storyboard */,
			);
			path = VIew;
			sourceTree = "<group>";
		};
		58C2C07A2362392E0087FF23 /* Service */ = {
			isa = PBXGroup;
			children = (
				58C2C0772362391D0087FF23 /* API.swift */,
				58C2C07B236239680087FF23 /* Endpoint.swift */,
			);
			path = Service;
			sourceTree = "<group>";
		};
/* End PBXGroup section */

/* Begin PBXNativeTarget section */
		58C2C03F236149C40087FF23 /* ThoughtMusic */ = {
			isa = PBXNativeTarget;
			buildConfigurationList = 58C2C05F236149C90087FF23 /* Build configuration list for PBXNativeTarget "ThoughtMusic" */;
			buildPhases = (
				58C2C03C236149C40087FF23 /* Sources */,
				58C2C03D236149C40087FF23 /* Frameworks */,
				58C2C03E236149C40087FF23 /* Resources */,
			);
			buildRules = (
			);
			dependencies = (
			);
			name = ThoughtMusic;
			productName = ThoughtMusic;
			productReference = 58C2C040236149C40087FF23 /* ThoughtMusic.app */;
			productType = "com.apple.product-type.application";
		};
		58C2C055236149C90087FF23 /* ThoughtMusicTests */ = {
			isa = PBXNativeTarget;
			buildConfigurationList = 58C2C062236149C90087FF23 /* Build configuration list for PBXNativeTarget "ThoughtMusicTests" */;
			buildPhases = (
				58C2C052236149C90087FF23 /* Sources */,
				58C2C053236149C90087FF23 /* Frameworks */,
				58C2C054236149C90087FF23 /* Resources */,
			);
			buildRules = (
			);
			dependencies = (
				58C2C058236149C90087FF23 /* PBXTargetDependency */,
			);
			name = ThoughtMusicTests;
			productName = ThoughtMusicTests;
			productReference = 58C2C056236149C90087FF23 /* ThoughtMusicTests.xctest */;
			productType = "com.apple.product-type.bundle.unit-test";
		};
/* End PBXNativeTarget section */

/* Begin PBXProject section */
		58C2C038236149C40087FF23 /* Project object */ = {
			isa = PBXProject;
			attributes = {
				LastSwiftUpdateCheck = 1110;
				LastUpgradeCheck = 1110;
				ORGANIZATIONNAME = israel3D;
				TargetAttributes = {
					58C2C03F236149C40087FF23 = {
						CreatedOnToolsVersion = 11.1;
					};
					58C2C055236149C90087FF23 = {
						CreatedOnToolsVersion = 11.1;
						TestTargetID = 58C2C03F236149C40087FF23;
					};
				};
			};
			buildConfigurationList = 58C2C03B236149C40087FF23 /* Build configuration list for PBXProject "ThoughtMusic" */;
			compatibilityVersion = "Xcode 9.3";
			developmentRegion = en;
			hasScannedForEncodings = 0;
			knownRegions = (
				en,
				Base,
			);
			mainGroup = 58C2C037236149C40087FF23;
			productRefGroup = 58C2C041236149C40087FF23 /* Products */;
			projectDirPath = "";
			projectRoot = "";
			targets = (
				58C2C03F236149C40087FF23 /* ThoughtMusic */,
				58C2C055236149C90087FF23 /* ThoughtMusicTests */,
			);
		};
/* End PBXProject section */

/* Begin PBXResourcesBuildPhase section */
		58C2C03E236149C40087FF23 /* Resources */ = {
			isa = PBXResourcesBuildPhase;
			buildActionMask = 2147483647;
			files = (
				58C2C050236149C90087FF23 /* LaunchScreen.storyboard in Resources */,
				58C2C04D236149C80087FF23 /* Assets.xcassets in Resources */,
				58C2C04B236149C40087FF23 /* Main.storyboard in Resources */,
			);
			runOnlyForDeploymentPostprocessing = 0;
		};
		58C2C054236149C90087FF23 /* Resources */ = {
			isa = PBXResourcesBuildPhase;
			buildActionMask = 2147483647;
			files = (
			);
			runOnlyForDeploymentPostprocessing = 0;
		};
/* End PBXResourcesBuildPhase section */

/* Begin PBXSourcesBuildPhase section */
		58C2C03C236149C40087FF23 /* Sources */ = {
			isa = PBXSourcesBuildPhase;
			buildActionMask = 2147483647;
			files = (
				58C2C044236149C40087FF23 /* AppDelegate.swift in Sources */,
				58C2C07C236239680087FF23 /* Endpoint.swift in Sources */,
				58C2C06C23614C600087FF23 /* ShufflePresenter.swift in Sources */,
				58C2C06F23614C720087FF23 /* ShuffleInteractor.swift in Sources */,
				58C2C046236149C40087FF23 /* SceneDelegate.swift in Sources */,
				58C2C07223614C850087FF23 /* ShuffleWorker.swift in Sources */,
				58C2C06923614C3F0087FF23 /* ShuffleViewController.swift in Sources */,
				58C2C0782362391D0087FF23 /* API.swift in Sources */,
				58C2C06623614A4B0087FF23 /* Song.swift in Sources */,
			);
			runOnlyForDeploymentPostprocessing = 0;
		};
		58C2C052236149C90087FF23 /* Sources */ = {
			isa = PBXSourcesBuildPhase;
			buildActionMask = 2147483647;
			files = (
				58C2C05B236149C90087FF23 /* ThoughtMusicTests.swift in Sources */,
				58C2C07023614C720087FF23 /* ShuffleInteractor.swift in Sources */,
				58C2C07D236239680087FF23 /* Endpoint.swift in Sources */,
				58C2C06723614A4B0087FF23 /* Song.swift in Sources */,
				58C2C07323614C850087FF23 /* ShuffleWorker.swift in Sources */,
				58C2C06D23614C600087FF23 /* ShufflePresenter.swift in Sources */,
				58C2C06A23614C3F0087FF23 /* ShuffleViewController.swift in Sources */,
				58C2C0792362391D0087FF23 /* API.swift in Sources */,
			);
			runOnlyForDeploymentPostprocessing = 0;
		};
/* End PBXSourcesBuildPhase section */

/* Begin PBXTargetDependency section */
		58C2C058236149C90087FF23 /* PBXTargetDependency */ = {
			isa = PBXTargetDependency;
			target = 58C2C03F236149C40087FF23 /* ThoughtMusic */;
			targetProxy = 58C2C057236149C90087FF23 /* PBXContainerItemProxy */;
		};
/* End PBXTargetDependency section */

/* Begin PBXVariantGroup section */
		58C2C049236149C40087FF23 /* Main.storyboard */ = {
			isa = PBXVariantGroup;
			children = (
				58C2C04A236149C40087FF23 /* Base */,
			);
			name = Main.storyboard;
			sourceTree = "<group>";
		};
		58C2C04E236149C90087FF23 /* LaunchScreen.storyboard */ = {
			isa = PBXVariantGroup;
			children = (
				58C2C04F236149C90087FF23 /* Base */,
			);
			name = LaunchScreen.storyboard;
			sourceTree = "<group>";
		};
/* End PBXVariantGroup section */

/* Begin XCBuildConfiguration section */
		58C2C05D236149C90087FF23 /* Debug */ = {
			isa = XCBuildConfiguration;
			buildSettings = {
				ALWAYS_SEARCH_USER_PATHS = NO;
				CLANG_ANALYZER_NONNULL = YES;
				CLANG_ANALYZER_NUMBER_OBJECT_CONVERSION = YES_AGGRESSIVE;
				CLANG_CXX_LANGUAGE_STANDARD = "gnu++14";
				CLANG_CXX_LIBRARY = "libc++";
				CLANG_ENABLE_MODULES = YES;
				CLANG_ENABLE_OBJC_ARC = YES;
				CLANG_ENABLE_OBJC_WEAK = YES;
				CLANG_WARN_BLOCK_CAPTURE_AUTORELEASING = YES;
				CLANG_WARN_BOOL_CONVERSION = YES;
				CLANG_WARN_COMMA = YES;
				CLANG_WARN_CONSTANT_CONVERSION = YES;
				CLANG_WARN_DEPRECATED_OBJC_IMPLEMENTATIONS = YES;
				CLANG_WARN_DIRECT_OBJC_ISA_USAGE = YES_ERROR;
				CLANG_WARN_DOCUMENTATION_COMMENTS = YES;
				CLANG_WARN_EMPTY_BODY = YES;
				CLANG_WARN_ENUM_CONVERSION = YES;
				CLANG_WARN_INFINITE_RECURSION = YES;
				CLANG_WARN_INT_CONVERSION = YES;
				CLANG_WARN_NON_LITERAL_NULL_CONVERSION = YES;
				CLANG_WARN_OBJC_IMPLICIT_RETAIN_SELF = YES;
				CLANG_WARN_OBJC_LITERAL_CONVERSION = YES;
				CLANG_WARN_OBJC_ROOT_CLASS = YES_ERROR;
				CLANG_WARN_RANGE_LOOP_ANALYSIS = YES;
				CLANG_WARN_STRICT_PROTOTYPES = YES;
				CLANG_WARN_SUSPICIOUS_MOVE = YES;
				CLANG_WARN_UNGUARDED_AVAILABILITY = YES_AGGRESSIVE;
				CLANG_WARN_UNREACHABLE_CODE = YES;
				CLANG_WARN__DUPLICATE_METHOD_MATCH = YES;
				COPY_PHASE_STRIP = NO;
				DEBUG_INFORMATION_FORMAT = dwarf;
				ENABLE_STRICT_OBJC_MSGSEND = YES;
				ENABLE_TESTABILITY = YES;
				GCC_C_LANGUAGE_STANDARD = gnu11;
				GCC_DYNAMIC_NO_PIC = NO;
				GCC_NO_COMMON_BLOCKS = YES;
				GCC_OPTIMIZATION_LEVEL = 0;
				GCC_PREPROCESSOR_DEFINITIONS = (
					"DEBUG=1",
					"$(inherited)",
				);
				GCC_WARN_64_TO_32_BIT_CONVERSION = YES;
				GCC_WARN_ABOUT_RETURN_TYPE = YES_ERROR;
				GCC_WARN_UNDECLARED_SELECTOR = YES;
				GCC_WARN_UNINITIALIZED_AUTOS = YES_AGGRESSIVE;
				GCC_WARN_UNUSED_FUNCTION = YES;
				GCC_WARN_UNUSED_VARIABLE = YES;
				IPHONEOS_DEPLOYMENT_TARGET = 13.1;
				MTL_ENABLE_DEBUG_INFO = INCLUDE_SOURCE;
				MTL_FAST_MATH = YES;
				ONLY_ACTIVE_ARCH = YES;
				SDKROOT = iphoneos;
				SWIFT_ACTIVE_COMPILATION_CONDITIONS = DEBUG;
				SWIFT_OPTIMIZATION_LEVEL = "-Onone";
			};
			name = Debug;
		};
		58C2C05E236149C90087FF23 /* Release */ = {
			isa = XCBuildConfiguration;
			buildSettings = {
				ALWAYS_SEARCH_USER_PATHS = NO;
				CLANG_ANALYZER_NONNULL = YES;
				CLANG_ANALYZER_NUMBER_OBJECT_CONVERSION = YES_AGGRESSIVE;
				CLANG_CXX_LANGUAGE_STANDARD = "gnu++14";
				CLANG_CXX_LIBRARY = "libc++";
				CLANG_ENABLE_MODULES = YES;
				CLANG_ENABLE_OBJC_ARC = YES;
				CLANG_ENABLE_OBJC_WEAK = YES;
				CLANG_WARN_BLOCK_CAPTURE_AUTORELEASING = YES;
				CLANG_WARN_BOOL_CONVERSION = YES;
				CLANG_WARN_COMMA = YES;
				CLANG_WARN_CONSTANT_CONVERSION = YES;
				CLANG_WARN_DEPRECATED_OBJC_IMPLEMENTATIONS = YES;
				CLANG_WARN_DIRECT_OBJC_ISA_USAGE = YES_ERROR;
				CLANG_WARN_DOCUMENTATION_COMMENTS = YES;
				CLANG_WARN_EMPTY_BODY = YES;
				CLANG_WARN_ENUM_CONVERSION = YES;
				CLANG_WARN_INFINITE_RECURSION = YES;
				CLANG_WARN_INT_CONVERSION = YES;
				CLANG_WARN_NON_LITERAL_NULL_CONVERSION = YES;
				CLANG_WARN_OBJC_IMPLICIT_RETAIN_SELF = YES;
				CLANG_WARN_OBJC_LITERAL_CONVERSION = YES;
				CLANG_WARN_OBJC_ROOT_CLASS = YES_ERROR;
				CLANG_WARN_RANGE_LOOP_ANALYSIS = YES;
				CLANG_WARN_STRICT_PROTOTYPES = YES;
				CLANG_WARN_SUSPICIOUS_MOVE = YES;
				CLANG_WARN_UNGUARDED_AVAILABILITY = YES_AGGRESSIVE;
				CLANG_WARN_UNREACHABLE_CODE = YES;
				CLANG_WARN__DUPLICATE_METHOD_MATCH = YES;
				COPY_PHASE_STRIP = NO;
				DEBUG_INFORMATION_FORMAT = "dwarf-with-dsym";
				ENABLE_NS_ASSERTIONS = NO;
				ENABLE_STRICT_OBJC_MSGSEND = YES;
				GCC_C_LANGUAGE_STANDARD = gnu11;
				GCC_NO_COMMON_BLOCKS = YES;
				GCC_WARN_64_TO_32_BIT_CONVERSION = YES;
				GCC_WARN_ABOUT_RETURN_TYPE = YES_ERROR;
				GCC_WARN_UNDECLARED_SELECTOR = YES;
				GCC_WARN_UNINITIALIZED_AUTOS = YES_AGGRESSIVE;
				GCC_WARN_UNUSED_FUNCTION = YES;
				GCC_WARN_UNUSED_VARIABLE = YES;
				IPHONEOS_DEPLOYMENT_TARGET = 13.1;
				MTL_ENABLE_DEBUG_INFO = NO;
				MTL_FAST_MATH = YES;
				SDKROOT = iphoneos;
				SWIFT_COMPILATION_MODE = wholemodule;
				SWIFT_OPTIMIZATION_LEVEL = "-O";
				VALIDATE_PRODUCT = YES;
			};
			name = Release;
		};
		58C2C060236149C90087FF23 /* Debug */ = {
			isa = XCBuildConfiguration;
			buildSettings = {
				ASSETCATALOG_COMPILER_APPICON_NAME = AppIcon;
				CODE_SIGN_STYLE = Automatic;
				DEVELOPMENT_TEAM = FPH78JW9WA;
				INFOPLIST_FILE = ThoughtMusic/Info.plist;
				LD_RUNPATH_SEARCH_PATHS = (
					"$(inherited)",
					"@executable_path/Frameworks",
				);
				PRODUCT_BUNDLE_IDENTIFIER = com.israel3D.ThoughtMusic;
				PRODUCT_NAME = "$(TARGET_NAME)";
				SWIFT_VERSION = 5.0;
				TARGETED_DEVICE_FAMILY = 1;
			};
			name = Debug;
		};
		58C2C061236149C90087FF23 /* Release */ = {
			isa = XCBuildConfiguration;
			buildSettings = {
				ASSETCATALOG_COMPILER_APPICON_NAME = AppIcon;
				CODE_SIGN_STYLE = Automatic;
				DEVELOPMENT_TEAM = FPH78JW9WA;
				INFOPLIST_FILE = ThoughtMusic/Info.plist;
				LD_RUNPATH_SEARCH_PATHS = (
					"$(inherited)",
					"@executable_path/Frameworks",
				);
				PRODUCT_BUNDLE_IDENTIFIER = com.israel3D.ThoughtMusic;
				PRODUCT_NAME = "$(TARGET_NAME)";
				SWIFT_VERSION = 5.0;
				TARGETED_DEVICE_FAMILY = 1;
			};
			name = Release;
		};
		58C2C063236149C90087FF23 /* Debug */ = {
			isa = XCBuildConfiguration;
			buildSettings = {
				ALWAYS_EMBED_SWIFT_STANDARD_LIBRARIES = YES;
				BUNDLE_LOADER = "$(TEST_HOST)";
				CODE_SIGN_STYLE = Automatic;
				DEVELOPMENT_TEAM = FPH78JW9WA;
				INFOPLIST_FILE = ThoughtMusicTests/Info.plist;
				IPHONEOS_DEPLOYMENT_TARGET = 13.1;
				LD_RUNPATH_SEARCH_PATHS = (
					"$(inherited)",
					"@executable_path/Frameworks",
					"@loader_path/Frameworks",
				);
				PRODUCT_BUNDLE_IDENTIFIER = com.israel3D.ThoughtMusicTests;
				PRODUCT_NAME = "$(TARGET_NAME)";
				SWIFT_VERSION = 5.0;
				TARGETED_DEVICE_FAMILY = "1,2";
				TEST_HOST = "$(BUILT_PRODUCTS_DIR)/ThoughtMusic.app/ThoughtMusic";
			};
			name = Debug;
		};
		58C2C064236149C90087FF23 /* Release */ = {
			isa = XCBuildConfiguration;
			buildSettings = {
				ALWAYS_EMBED_SWIFT_STANDARD_LIBRARIES = YES;
				BUNDLE_LOADER = "$(TEST_HOST)";
				CODE_SIGN_STYLE = Automatic;
				DEVELOPMENT_TEAM = FPH78JW9WA;
				INFOPLIST_FILE = ThoughtMusicTests/Info.plist;
				IPHONEOS_DEPLOYMENT_TARGET = 13.1;
				LD_RUNPATH_SEARCH_PATHS = (
					"$(inherited)",
					"@executable_path/Frameworks",
					"@loader_path/Frameworks",
				);
				PRODUCT_BUNDLE_IDENTIFIER = com.israel3D.ThoughtMusicTests;
				PRODUCT_NAME = "$(TARGET_NAME)";
				SWIFT_VERSION = 5.0;
				TARGETED_DEVICE_FAMILY = "1,2";
				TEST_HOST = "$(BUILT_PRODUCTS_DIR)/ThoughtMusic.app/ThoughtMusic";
			};
			name = Release;
		};
/* End XCBuildConfiguration section */

/* Begin XCConfigurationList section */
		58C2C03B236149C40087FF23 /* Build configuration list for PBXProject "ThoughtMusic" */ = {
			isa = XCConfigurationList;
			buildConfigurations = (
				58C2C05D236149C90087FF23 /* Debug */,
				58C2C05E236149C90087FF23 /* Release */,
			);
			defaultConfigurationIsVisible = 0;
			defaultConfigurationName = Release;
		};
		58C2C05F236149C90087FF23 /* Build configuration list for PBXNativeTarget "ThoughtMusic" */ = {
			isa = XCConfigurationList;
			buildConfigurations = (
				58C2C060236149C90087FF23 /* Debug */,
				58C2C061236149C90087FF23 /* Release */,
			);
			defaultConfigurationIsVisible = 0;
			defaultConfigurationName = Release;
		};
		58C2C062236149C90087FF23 /* Build configuration list for PBXNativeTarget "ThoughtMusicTests" */ = {
			isa = XCConfigurationList;
			buildConfigurations = (
				58C2C063236149C90087FF23 /* Debug */,
				58C2C064236149C90087FF23 /* Release */,
			);
			defaultConfigurationIsVisible = 0;
			defaultConfigurationName = Release;
		};
/* End XCConfigurationList section */
	};
	rootObject = 58C2C038236149C40087FF23 /* Project object */;
}
